
Microsoft Visual Studio Solution File, Format Version 12.00
# Visual Studio 15
VisualStudioVersion = 15.0.26430.15
MinimumVisualStudioVersion = 10.0.40219.1
Project("{FAE04EC0-301F-11D3-BF4B-00C04F79EFBC}") = "RawrzService", "RawrzService\RawrzService.csproj", "{CB564E0E-F8B3-466C-91D6-90465DF7F887}"
EndProject
Project("{00D1A9C2-B5F0-4AF3-8072-F6C62B433612}") = "RawrzService.Database", "RawrzService.Database\RawrzService.Database.sqlproj", "{B7B59B9F-C7C0-4FFD-8B1F-498AE7393E42}"
EndProject
Project("{FAE04EC0-301F-11D3-BF4B-00C04F79EFBC}") = "RawrzMe.Library", "RawrzMe.Library\RawrzMe.Library.csproj", "{224A833E-BB6F-48BB-8A7B-D289E43EF613}"
EndProject
Global
	GlobalSection(SolutionConfigurationPlatforms) = preSolution
		Debug|Any CPU = Debug|Any CPU
		Release|Any CPU = Release|Any CPU
	EndGlobalSection
	GlobalSection(ProjectConfigurationPlatforms) = postSolution
		{CB564E0E-F8B3-466C-91D6-90465DF7F887}.Debug|Any CPU.ActiveCfg = Debug|Any CPU
		{CB564E0E-F8B3-466C-91D6-90465DF7F887}.Debug|Any CPU.Build.0 = Debug|Any CPU
		{CB564E0E-F8B3-466C-91D6-90465DF7F887}.Release|Any CPU.ActiveCfg = Release|Any CPU
		{CB564E0E-F8B3-466C-91D6-90465DF7F887}.Release|Any CPU.Build.0 = Release|Any CPU
		{B7B59B9F-C7C0-4FFD-8B1F-498AE7393E42}.Debug|Any CPU.ActiveCfg = Debug|Any CPU
		{B7B59B9F-C7C0-4FFD-8B1F-498AE7393E42}.Debug|Any CPU.Build.0 = Debug|Any CPU
		{B7B59B9F-C7C0-4FFD-8B1F-498AE7393E42}.Debug|Any CPU.Deploy.0 = Debug|Any CPU
		{B7B59B9F-C7C0-4FFD-8B1F-498AE7393E42}.Release|Any CPU.ActiveCfg = Release|Any CPU
		{B7B59B9F-C7C0-4FFD-8B1F-498AE7393E42}.Release|Any CPU.Build.0 = Release|Any CPU
		{B7B59B9F-C7C0-4FFD-8B1F-498AE7393E42}.Release|Any CPU.Deploy.0 = Release|Any CPU
		{224A833E-BB6F-48BB-8A7B-D289E43EF613}.Debug|Any CPU.ActiveCfg = Debug|Any CPU
		{224A833E-BB6F-48BB-8A7B-D289E43EF613}.Debug|Any CPU.Build.0 = Debug|Any CPU
		{224A833E-BB6F-48BB-8A7B-D289E43EF613}.Release|Any CPU.ActiveCfg = Release|Any CPU
		{224A833E-BB6F-48BB-8A7B-D289E43EF613}.Release|Any CPU.Build.0 = Release|Any CPU
	EndGlobalSection
	GlobalSection(SolutionProperties) = preSolution
		HideSolutionNode = FALSE
	EndGlobalSection
EndGlobal
